<Solution>
  <Project Path="AdvancedDevSample.Api/AdvancedDevSample.Api.csproj" />
  <Project Path="AdvancedDevSample.Application/AdvancedDevSample.Application.csproj" />
  <Project Path="AdvancedDevSample.Domain/AdvancedDevSample.Domain.csproj" />
  <Project Path="AdvancedDevSample.Infrastructure/AdvancedDevSample.Infrastructure.csproj" />
  <Project Path="AdvancedDevSample.Tests/AdvancedDevSample.Tests.csproj" Id="e682ba4a-33db-4ff2-b929-b64712d24a53" />
</Solution>
